// !$*UTF8*$!
{
	archiveVersion = 1;
	classes = {
	};
	objectVersion = 46;
	objects = {

/* Begin PBXBuildFile section */
		C00FCE53195AB04200993CF8 /* Foundation.framework in Frameworks */ = {isa = PBXBuildFile; fileRef = C00FCE52195AB04200993CF8 /* Foundation.framework */; };
		C00FCE55195AB04200993CF8 /* CoreGraphics.framework in Frameworks */ = {isa = PBXBuildFile; fileRef = C00FCE54195AB04200993CF8 /* CoreGraphics.framework */; };
		C00FCE57195AB04200993CF8 /* UIKit.framework in Frameworks */ = {isa = PBXBuildFile; fileRef = C00FCE56195AB04200993CF8 /* UIKit.framework */; };
		C00FCE5D195AB04300993CF8 /* InfoPlist.strings in Resources */ = {isa = PBXBuildFile; fileRef = C00FCE5B195AB04300993CF8 /* InfoPlist.strings */; };
		C00FCE5F195AB04300993CF8 /* main.m in Sources */ = {isa = PBXBuildFile; fileRef = C00FCE5E195AB04300993CF8 /* main.m */; };
		C00FCE63195AB04300993CF8 /* AppDelegate.m in Sources */ = {isa = PBXBuildFile; fileRef = C00FCE62195AB04300993CF8 /* AppDelegate.m */; };
		C00FCE66195AB04300993CF8 /* Main_iPhone.storyboard in Resources */ = {isa = PBXBuildFile; fileRef = C00FCE64195AB04300993CF8 /* Main_iPhone.storyboard */; };
		C00FCE69195AB04300993CF8 /* Main_iPad.storyboard in Resources */ = {isa = PBXBuildFile; fileRef = C00FCE67195AB04300993CF8 /* Main_iPad.storyboard */; };
		C00FCE6C195AB04300993CF8 /* ViewController.m in Sources */ = {isa = PBXBuildFile; fileRef = C00FCE6B195AB04300993CF8 /* ViewController.m */; };
		C00FCE6E195AB04300993CF8 /* Images.xcassets in Resources */ = {isa = PBXBuildFile; fileRef = C00FCE6D195AB04300993CF8 /* Images.xcassets */; };
		C00FCE75195AB04300993CF8 /* XCTest.framework in Frameworks */ = {isa = PBXBuildFile; fileRef = C00FCE74195AB04300993CF8 /* XCTest.framework */; };
		C00FCE76195AB04300993CF8 /* Foundation.framework in Frameworks */ = {isa = PBXBuildFile; fileRef = C00FCE52195AB04200993CF8 /* Foundation.framework */; };
		C00FCE77195AB04300993CF8 /* UIKit.framework in Frameworks */ = {isa = PBXBuildFile; fileRef = C00FCE56195AB04200993CF8 /* UIKit.framework */; };
		C00FCE7F195AB04300993CF8 /* InfoPlist.strings in Resources */ = {isa = PBXBuildFile; fileRef = C00FCE7D195AB04300993CF8 /* InfoPlist.strings */; };
		C00FCE81195AB04300993CF8 /* MOInfiniteScrollViewTests.m in Sources */ = {isa = PBXBuildFile; fileRef = C00FCE80195AB04300993CF8 /* MOInfiniteScrollViewTests.m */; };
		C00FCE8C195AB09700993CF8 /* MOInfiniteScrollView.m in Sources */ = {isa = PBXBuildFile; fileRef = C00FCE8B195AB09700993CF8 /* MOInfiniteScrollView.m */; };
/* End PBXBuildFile section */

/* Begin PBXContainerItemProxy section */
		C00FCE78195AB04300993CF8 /* PBXContainerItemProxy */ = {
			isa = PBXContainerItemProxy;
			containerPortal = C00FCE47195AB04200993CF8 /* Project object */;
			proxyType = 1;
			remoteGlobalIDString = C00FCE4E195AB04200993CF8;
			remoteInfo = MOInfiniteScrollView;
		};
/* End PBXContainerItemProxy section */

/* Begin PBXFileReference section */
		C00FCE4F195AB04200993CF8 /* MOInfiniteScrollView.app */ = {isa = PBXFileReference; explicitFileType = wrapper.application; includeInIndex = 0; path = MOInfiniteScrollView.app; sourceTree = BUILT_PRODUCTS_DIR; };
		C00FCE52195AB04200993CF8 /* Foundation.framework */ = {isa = PBXFileReference; lastKnownFileType = wrapper.framework; name = Foundation.framework; path = System/Library/Frameworks/Foundation.framework; sourceTree = SDKROOT; };
		C00FCE54195AB04200993CF8 /* CoreGraphics.framework */ = {isa = PBXFileReference; lastKnownFileType = wrapper.framework; name = CoreGraphics.framework; path = System/Library/Frameworks/CoreGraphics.framework; sourceTree = SDKROOT; };
		C00FCE56195AB04200993CF8 /* UIKit.framework */ = {isa = PBXFileReference; lastKnownFileType = wrapper.framework; name = UIKit.framework; path = System/Library/Frameworks/UIKit.framework; sourceTree = SDKROOT; };
		C00FCE5A195AB04300993CF8 /* MOInfiniteScrollView-Info.plist */ = {isa = PBXFileReference; lastKnownFileType = text.plist.xml; path = "MOInfiniteScrollView-Info.plist"; sourceTree = "<group>"; };
		C00FCE5C195AB04300993CF8 /* en */ = {isa = PBXFileReference; lastKnownFileType = text.plist.strings; name = en; path = en.lproj/InfoPlist.strings; sourceTree = "<group>"; };
		C00FCE5E195AB04300993CF8 /* main.m */ = {isa = PBXFileReference; lastKnownFileType = sourcecode.c.objc; path = main.m; sourceTree = "<group>"; };
		C00FCE60195AB04300993CF8 /* MOInfiniteScrollView-Prefix.pch */ = {isa = PBXFileReference; lastKnownFileType = sourcecode.c.h; path = "MOInfiniteScrollView-Prefix.pch"; sourceTree = "<group>"; };
		C00FCE61195AB04300993CF8 /* AppDelegate.h */ = {isa = PBXFileReference; lastKnownFileType = sourcecode.c.h; path = AppDelegate.h; sourceTree = "<group>"; };
		C00FCE62195AB04300993CF8 /* AppDelegate.m */ = {isa = PBXFileReference; lastKnownFileType = sourcecode.c.objc; path = AppDelegate.m; sourceTree = "<group>"; };
		C00FCE65195AB04300993CF8 /* Base */ = {isa = PBXFileReference; lastKnownFileType = file.storyboard; name = Base; path = Base.lproj/Main_iPhone.storyboard; sourceTree = "<group>"; };
		C00FCE68195AB04300993CF8 /* Base */ = {isa = PBXFileReference; lastKnownFileType = file.storyboard; name = Base; path = Base.lproj/Main_iPad.storyboard; sourceTree = "<group>"; };
		C00FCE6A195AB04300993CF8 /* ViewController.h */ = {isa = PBXFileReference; lastKnownFileType = sourcecode.c.h; path = ViewController.h; sourceTree = "<group>"; };
		C00FCE6B195AB04300993CF8 /* ViewController.m */ = {isa = PBXFileReference; lastKnownFileType = sourcecode.c.objc; path = ViewController.m; sourceTree = "<group>"; };
		C00FCE6D195AB04300993CF8 /* Images.xcassets */ = {isa = PBXFileReference; lastKnownFileType = folder.assetcatalog; path = Images.xcassets; sourceTree = "<group>"; };
		C00FCE73195AB04300993CF8 /* MOInfiniteScrollViewTests.xctest */ = {isa = PBXFileReference; explicitFileType = wrapper.cfbundle; includeInIndex = 0; path = MOInfiniteScrollViewTests.xctest; sourceTree = BUILT_PRODUCTS_DIR; };
		C00FCE74195AB04300993CF8 /* XCTest.framework */ = {isa = PBXFileReference; lastKnownFileType = wrapper.framework; name = XCTest.framework; path = Library/Frameworks/XCTest.framework; sourceTree = DEVELOPER_DIR; };
		C00FCE7C195AB04300993CF8 /* MOInfiniteScrollViewTests-Info.plist */ = {isa = PBXFileReference; lastKnownFileType = text.plist.xml; path = "MOInfiniteScrollViewTests-Info.plist"; sourceTree = "<group>"; };
		C00FCE7E195AB04300993CF8 /* en */ = {isa = PBXFileReference; lastKnownFileType = text.plist.strings; name = en; path = en.lproj/InfoPlist.strings; sourceTree = "<group>"; };
		C00FCE80195AB04300993CF8 /* MOInfiniteScrollViewTests.m */ = {isa = PBXFileReference; lastKnownFileType = sourcecode.c.objc; path = MOInfiniteScrollViewTests.m; sourceTree = "<group>"; };
		C00FCE8A195AB09700993CF8 /* MOInfiniteScrollView.h */ = {isa = PBXFileReference; fileEncoding = 4; lastKnownFileType = sourcecode.c.h; path = MOInfiniteScrollView.h; sourceTree = "<group>"; };
		C00FCE8B195AB09700993CF8 /* MOInfiniteScrollView.m */ = {isa = PBXFileReference; fileEncoding = 4; lastKnownFileType = sourcecode.c.objc; path = MOInfiniteScrollView.m; sourceTree = "<group>"; };
/* End PBXFileReference section */

/* Begin PBXFrameworksBuildPhase section */
		C00FCE4C195AB04200993CF8 /* Frameworks */ = {
			isa = PBXFrameworksBuildPhase;
			buildActionMask = 2147483647;
			files = (
				C00FCE55195AB04200993CF8 /* CoreGraphics.framework in Frameworks */,
				C00FCE57195AB04200993CF8 /* UIKit.framework in Frameworks */,
				C00FCE53195AB04200993CF8 /* Foundation.framework in Frameworks */,
			);
			runOnlyForDeploymentPostprocessing = 0;
		};
		C00FCE70195AB04300993CF8 /* Frameworks */ = {
			isa = PBXFrameworksBuildPhase;
			buildActionMask = 2147483647;
			files = (
				C00FCE75195AB04300993CF8 /* XCTest.framework in Frameworks */,
				C00FCE77195AB04300993CF8 /* UIKit.framework in Frameworks */,
				C00FCE76195AB04300993CF8 /* Foundation.framework in Frameworks */,
			);
			runOnlyForDeploymentPostprocessing = 0;
		};
/* End PBXFrameworksBuildPhase section */

/* Begin PBXGroup section */
		C00FCE46195AB04200993CF8 = {
			isa = PBXGroup;
			children = (
				C00FCE58195AB04200993CF8 /* MOInfiniteScrollView */,
				C00FCE7A195AB04300993CF8 /* MOInfiniteScrollViewTests */,
				C00FCE51195AB04200993CF8 /* Frameworks */,
				C00FCE50195AB04200993CF8 /* Products */,
			);
			sourceTree = "<group>";
		};
		C00FCE50195AB04200993CF8 /* Products */ = {
			isa = PBXGroup;
			children = (
				C00FCE4F195AB04200993CF8 /* MOInfiniteScrollView.app */,
				C00FCE73195AB04300993CF8 /* MOInfiniteScrollViewTests.xctest */,
			);
			name = Products;
			sourceTree = "<group>";
		};
		C00FCE51195AB04200993CF8 /* Frameworks */ = {
			isa = PBXGroup;
			children = (
				C00FCE52195AB04200993CF8 /* Foundation.framework */,
				C00FCE54195AB04200993CF8 /* CoreGraphics.framework */,
				C00FCE56195AB04200993CF8 /* UIKit.framework */,
				C00FCE74195AB04300993CF8 /* XCTest.framework */,
			);
			name = Frameworks;
			sourceTree = "<group>";
		};
		C00FCE58195AB04200993CF8 /* MOInfiniteScrollView */ = {
			isa = PBXGroup;
			children = (
				C00FCE61195AB04300993CF8 /* AppDelegate.h */,
				C00FCE62195AB04300993CF8 /* AppDelegate.m */,
				C00FCE8A195AB09700993CF8 /* MOInfiniteScrollView.h */,
				C00FCE8B195AB09700993CF8 /* MOInfiniteScrollView.m */,
				C00FCE64195AB04300993CF8 /* Main_iPhone.storyboard */,
				C00FCE67195AB04300993CF8 /* Main_iPad.storyboard */,
				C00FCE6A195AB04300993CF8 /* ViewController.h */,
				C00FCE6B195AB04300993CF8 /* ViewController.m */,
				C00FCE6D195AB04300993CF8 /* Images.xcassets */,
				C00FCE59195AB04300993CF8 /* Supporting Files */,
			);
			path = MOInfiniteScrollView;
			sourceTree = "<group>";
		};
		C00FCE59195AB04300993CF8 /* Supporting Files */ = {
			isa = PBXGroup;
			children = (
				C00FCE5A195AB04300993CF8 /* MOInfiniteScrollView-Info.plist */,
				C00FCE5B195AB04300993CF8 /* InfoPlist.strings */,
				C00FCE5E195AB04300993CF8 /* main.m */,
				C00FCE60195AB04300993CF8 /* MOInfiniteScrollView-Prefix.pch */,
			);
			name = "Supporting Files";
			sourceTree = "<group>";
		};
		C00FCE7A195AB04300993CF8 /* MOInfiniteScrollViewTests */ = {
			isa = PBXGroup;
			children = (
				C00FCE80195AB04300993CF8 /* MOInfiniteScrollViewTests.m */,
				C00FCE7B195AB04300993CF8 /* Supporting Files */,
			);
			path = MOInfiniteScrollViewTests;
			sourceTree = "<group>";
		};
		C00FCE7B195AB04300993CF8 /* Supporting Files */ = {
			isa = PBXGroup;
			children = (
				C00FCE7C195AB04300993CF8 /* MOInfiniteScrollViewTests-Info.plist */,
				C00FCE7D195AB04300993CF8 /* InfoPlist.strings */,
			);
			name = "Supporting Files";
			sourceTree = "<group>";
		};
/* End PBXGroup section */

/* Begin PBXNativeTarget section */
		C00FCE4E195AB04200993CF8 /* MOInfiniteScrollView */ = {
			isa = PBXNativeTarget;
			buildConfigurationList = C00FCE84195AB04300993CF8 /* Build configuration list for PBXNativeTarget "MOInfiniteScrollView" */;
			buildPhases = (
				C00FCE4B195AB04200993CF8 /* Sources */,
				C00FCE4C195AB04200993CF8 /* Frameworks */,
				C00FCE4D195AB04200993CF8 /* Resources */,
			);
			buildRules = (
			);
			dependencies = (
			);
			name = MOInfiniteScrollView;
			productName = MOInfiniteScrollView;
			productReference = C00FCE4F195AB04200993CF8 /* MOInfiniteScrollView.app */;
			productType = "com.apple.product-type.application";
		};
		C00FCE72195AB04300993CF8 /* MOInfiniteScrollViewTests */ = {
			isa = PBXNativeTarget;
			buildConfigurationList = C00FCE87195AB04300993CF8 /* Build configuration list for PBXNativeTarget "MOInfiniteScrollViewTests" */;
			buildPhases = (
				C00FCE6F195AB04300993CF8 /* Sources */,
				C00FCE70195AB04300993CF8 /* Frameworks */,
				C00FCE71195AB04300993CF8 /* Resources */,
			);
			buildRules = (
			);
			dependencies = (
				C00FCE79195AB04300993CF8 /* PBXTargetDependency */,
			);
			name = MOInfiniteScrollViewTests;
			productName = MOInfiniteScrollViewTests;
			productReference = C00FCE73195AB04300993CF8 /* MOInfiniteScrollViewTests.xctest */;
			productType = "com.apple.product-type.bundle.unit-test";
		};
/* End PBXNativeTarget section */

/* Begin PBXProject section */
		C00FCE47195AB04200993CF8 /* Project object */ = {
			isa = PBXProject;
			attributes = {
				LastUpgradeCheck = 0510;
				ORGANIZATIONNAME = Bitwise;
				TargetAttributes = {
					C00FCE72195AB04300993CF8 = {
						TestTargetID = C00FCE4E195AB04200993CF8;
					};
				};
			};
			buildConfigurationList = C00FCE4A195AB04200993CF8 /* Build configuration list for PBXProject "MOInfiniteScrollView" */;
			compatibilityVersion = "Xcode 3.2";
			developmentRegion = English;
			hasScannedForEncodings = 0;
			knownRegions = (
				en,
				Base,
			);
			mainGroup = C00FCE46195AB04200993CF8;
			productRefGroup = C00FCE50195AB04200993CF8 /* Products */;
			projectDirPath = "";
			projectRoot = "";
			targets = (
				C00FCE4E195AB04200993CF8 /* MOInfiniteScrollView */,
				C00FCE72195AB04300993CF8 /* MOInfiniteScrollViewTests */,
			);
		};
/* End PBXProject section */

/* Begin PBXResourcesBuildPhase section */
		C00FCE4D195AB04200993CF8 /* Resources */ = {
			isa = PBXResourcesBuildPhase;
			buildActionMask = 2147483647;
			files = (
				C00FCE69195AB04300993CF8 /* Main_iPad.storyboard in Resources */,
				C00FCE6E195AB04300993CF8 /* Images.xcassets in Resources */,
				C00FCE66195AB04300993CF8 /* Main_iPhone.storyboard in Resources */,
				C00FCE5D195AB04300993CF8 /* InfoPlist.strings in Resources */,
			);
			runOnlyForDeploymentPostprocessing = 0;
		};
		C00FCE71195AB04300993CF8 /* Resources */ = {
			isa = PBXResourcesBuildPhase;
			buildActionMask = 2147483647;
			files = (
				C00FCE7F195AB04300993CF8 /* InfoPlist.strings in Resources */,
			);
			runOnlyForDeploymentPostprocessing = 0;
		};
/* End PBXResourcesBuildPhase section */

/* Begin PBXSourcesBuildPhase section */
		C00FCE4B195AB04200993CF8 /* Sources */ = {
			isa = PBXSourcesBuildPhase;
			buildActionMask = 2147483647;
			files = (
				C00FCE6C195AB04300993CF8 /* ViewController.m in Sources */,
				C00FCE8C195AB09700993CF8 /* MOInfiniteScrollView.m in Sources */,
				C00FCE63195AB04300993CF8 /* AppDelegate.m in Sources */,
				C00FCE5F195AB04300993CF8 /* main.m in Sources */,
			);
			runOnlyForDeploymentPostprocessing = 0;
		};
		C00FCE6F195AB04300993CF8 /* Sources */ = {
			isa = PBXSourcesBuildPhase;
			buildActionMask = 2147483647;
			files = (
				C00FCE81195AB04300993CF8 /* MOInfiniteScrollViewTests.m in Sources */,
			);
			runOnlyForDeploymentPostprocessing = 0;
		};
/* End PBXSourcesBuildPhase section */

/* Begin PBXTargetDependency section */
		C00FCE79195AB04300993CF8 /* PBXTargetDependency */ = {
			isa = PBXTargetDependency;
			target = C00FCE4E195AB04200993CF8 /* MOInfiniteScrollView */;
			targetProxy = C00FCE78195AB04300993CF8 /* PBXContainerItemProxy */;
		};
/* End PBXTargetDependency section */

/* Begin PBXVariantGroup section */
		C00FCE5B195AB04300993CF8 /* InfoPlist.strings */ = {
			isa = PBXVariantGroup;
			children = (
				C00FCE5C195AB04300993CF8 /* en */,
			);
			name = InfoPlist.strings;
			sourceTree = "<group>";
		};
		C00FCE64195AB04300993CF8 /* Main_iPhone.storyboard */ = {
			isa = PBXVariantGroup;
			children = (
				C00FCE65195AB04300993CF8 /* Base */,
			);
			name = Main_iPhone.storyboard;
			sourceTree = "<group>";
		};
		C00FCE67195AB04300993CF8 /* Main_iPad.storyboard */ = {
			isa = PBXVariantGroup;
			children = (
				C00FCE68195AB04300993CF8 /* Base */,
			);
			name = Main_iPad.storyboard;
			sourceTree = "<group>";
		};
		C00FCE7D195AB04300993CF8 /* InfoPlist.strings */ = {
			isa = PBXVariantGroup;
			children = (
				C00FCE7E195AB04300993CF8 /* en */,
			);
			name = InfoPlist.strings;
			sourceTree = "<group>";
		};
/* End PBXVariantGroup section */

/* Begin XCBuildConfiguration section */
		C00FCE82195AB04300993CF8 /* Debug */ = {
			isa = XCBuildConfiguration;
			buildSettings = {
				ALWAYS_SEARCH_USER_PATHS = NO;
				CLANG_CXX_LANGUAGE_STANDARD = "gnu++0x";
				CLANG_CXX_LIBRARY = "libc++";
				CLANG_ENABLE_MODULES = YES;
				CLANG_ENABLE_OBJC_ARC = YES;
				CLANG_WARN_BOOL_CONVERSION = YES;
				CLANG_WARN_CONSTANT_CONVERSION = YES;
				CLANG_WARN_DIRECT_OBJC_ISA_USAGE = YES_ERROR;
				CLANG_WARN_EMPTY_BODY = YES;
				CLANG_WARN_ENUM_CONVERSION = YES;
				CLANG_WARN_INT_CONVERSION = YES;
				CLANG_WARN_OBJC_ROOT_CLASS = YES_ERROR;
				CLANG_WARN__DUPLICATE_METHOD_MATCH = YES;
				"CODE_SIGN_IDENTITY[sdk=iphoneos*]" = "iPhone Developer";
				COPY_PHASE_STRIP = NO;
				GCC_C_LANGUAGE_STANDARD = gnu99;
				GCC_DYNAMIC_NO_PIC = NO;
				GCC_OPTIMIZATION_LEVEL = 0;
				GCC_PREPROCESSOR_DEFINITIONS = (
					"DEBUG=1",
					"$(inherited)",
				);
				GCC_SYMBOLS_PRIVATE_EXTERN = NO;
				GCC_WARN_64_TO_32_BIT_CONVERSION = YES;
				GCC_WARN_ABOUT_RETURN_TYPE = YES_ERROR;
				GCC_WARN_UNDECLARED_SELECTOR = YES;
				GCC_WARN_UNINITIALIZED_AUTOS = YES_AGGRESSIVE;
				GCC_WARN_UNUSED_FUNCTION = YES;
				GCC_WARN_UNUSED_VARIABLE = YES;
				IPHONEOS_DEPLOYMENT_TARGET = 7.1;
				ONLY_ACTIVE_ARCH = YES;
				SDKROOT = iphoneos;
				TARGETED_DEVICE_FAMILY = "1,2";
			};
			name = Debug;
		};
		C00FCE83195AB04300993CF8 /* Release */ = {
			isa = XCBuildConfiguration;
			buildSettings = {
				ALWAYS_SEARCH_USER_PATHS = NO;
				CLANG_CXX_LANGUAGE_STANDARD = "gnu++0x";
				CLANG_CXX_LIBRARY = "libc++";
				CLANG_ENABLE_MODULES = YES;
				CLANG_ENABLE_OBJC_ARC = YES;
				CLANG_WARN_BOOL_CONVERSION = YES;
				CLANG_WARN_CONSTANT_CONVERSION = YES;
				CLANG_WARN_DIRECT_OBJC_ISA_USAGE = YES_ERROR;
				CLANG_WARN_EMPTY_BODY = YES;
				CLANG_WARN_ENUM_CONVERSION = YES;
				CLANG_WARN_INT_CONVERSION = YES;
				CLANG_WARN_OBJC_ROOT_CLASS = YES_ERROR;
				CLANG_WARN__DUPLICATE_METHOD_MATCH = YES;
				"CODE_SIGN_IDENTITY[sdk=iphoneos*]" = "iPhone Developer";
				COPY_PHASE_STRIP = YES;
				ENABLE_NS_ASSERTIONS = NO;
				GCC_C_LANGUAGE_STANDARD = gnu99;
				GCC_WARN_64_TO_32_BIT_CONVERSION = YES;
				GCC_WARN_ABOUT_RETURN_TYPE = YES_ERROR;
				GCC_WARN_UNDECLARED_SELECTOR = YES;
				GCC_WARN_UNINITIALIZED_AUTOS = YES_AGGRESSIVE;
				GCC_WARN_UNUSED_FUNCTION = YES;
				GCC_WARN_UNUSED_VARIABLE = YES;
				IPHONEOS_DEPLOYMENT_TARGET = 7.1;
				SDKROOT = iphoneos;
				TARGETED_DEVICE_FAMILY = "1,2";
				VALIDATE_PRODUCT = YES;
			};
			name = Release;
		};
		C00FCE85195AB04300993CF8 /* Debug */ = {
			isa = XCBuildConfiguration;
			buildSettings = {
				ASSETCATALOG_COMPILER_APPICON_NAME = AppIcon;
				ASSETCATALOG_COMPILER_LAUNCHIMAGE_NAME = LaunchImage;
				GCC_PRECOMPILE_PREFIX_HEADER = YES;
				GCC_PREFIX_HEADER = "MOInfiniteScrollView/MOInfiniteScrollView-Prefix.pch";
				INFOPLIST_FILE = "MOInfiniteScrollView/MOInfiniteScrollView-Info.plist";
				PRODUCT_NAME = "$(TARGET_NAME)";
				WRAPPER_EXTENSION = app;
			};
			name = Debug;
		};
		C00FCE86195AB04300993CF8 /* Release */ = {
			isa = XCBuildConfiguration;
			buildSettings = {
				ASSETCATALOG_COMPILER_APPICON_NAME = AppIcon;
				ASSETCATALOG_COMPILER_LAUNCHIMAGE_NAME = LaunchImage;
				GCC_PRECOMPILE_PREFIX_HEADER = YES;
				GCC_PREFIX_HEADER = "MOInfiniteScrollView/MOInfiniteScrollView-Prefix.pch";
				INFOPLIST_FILE = "MOInfiniteScrollView/MOInfiniteScrollView-Info.plist";
				PRODUCT_NAME = "$(TARGET_NAME)";
				WRAPPER_EXTENSION = app;
			};
			name = Release;
		};
		C00FCE88195AB04300993CF8 /* Debug */ = {
			isa = XCBuildConfiguration;
			buildSettings = {
				BUNDLE_LOADER = "$(BUILT_PRODUCTS_DIR)/MOInfiniteScrollView.app/MOInfiniteScrollView";
				FRAMEWORK_SEARCH_PATHS = (
					"$(SDKROOT)/Developer/Library/Frameworks",
					"$(inherited)",
					"$(DEVELOPER_FRAMEWORKS_DIR)",
				);
				GCC_PRECOMPILE_PREFIX_HEADER = YES;
				GCC_PREFIX_HEADER = "MOInfiniteScrollView/MOInfiniteScrollView-Prefix.pch";
				GCC_PREPROCESSOR_DEFINITIONS = (
					"DEBUG=1",
					"$(inherited)",
				);
				INFOPLIST_FILE = "MOInfiniteScrollViewTests/MOInfiniteScrollViewTests-Info.plist";
				PRODUCT_NAME = "$(TARGET_NAME)";
				TEST_HOST = "$(BUNDLE_LOADER)";
				WRAPPER_EXTENSION = xctest;
			};
			name = Debug;
		};
		C00FCE89195AB04300993CF8 /* Release */ = {
			isa = XCBuildConfiguration;
			buildSettings = {
				BUNDLE_LOADER = "$(BUILT_PRODUCTS_DIR)/MOInfiniteScrollView.app/MOInfiniteScrollView";
				FRAMEWORK_SEARCH_PATHS = (
					"$(SDKROOT)/Developer/Library/Frameworks",
					"$(inherited)",
					"$(DEVELOPER_FRAMEWORKS_DIR)",
				);
				GCC_PRECOMPILE_PREFIX_HEADER = YES;
				GCC_PREFIX_HEADER = "MOInfiniteScrollView/MOInfiniteScrollView-Prefix.pch";
				INFOPLIST_FILE = "MOInfiniteScrollViewTests/MOInfiniteScrollViewTests-Info.plist";
				PRODUCT_NAME = "$(TARGET_NAME)";
				TEST_HOST = "$(BUNDLE_LOADER)";
				WRAPPER_EXTENSION = xctest;
			};
			name = Release;
		};
/* End XCBuildConfiguration section */

/* Begin XCConfigurationList section */
		C00FCE4A195AB04200993CF8 /* Build configuration list for PBXProject "MOInfiniteScrollView" */ = {
			isa = XCConfigurationList;
			buildConfigurations = (
				C00FCE82195AB04300993CF8 /* Debug */,
				C00FCE83195AB04300993CF8 /* Release */,
			);
			defaultConfigurationIsVisible = 0;
			defaultConfigurationName = Release;
		};
		C00FCE84195AB04300993CF8 /* Build configuration list for PBXNativeTarget "MOInfiniteScrollView" */ = {
			isa = XCConfigurationList;
			buildConfigurations = (
				C00FCE85195AB04300993CF8 /* Debug */,
				C00FCE86195AB04300993CF8 /* Release */,
			);
			defaultConfigurationIsVisible = 0;
		};
		C00FCE87195AB04300993CF8 /* Build configuration list for PBXNativeTarget "MOInfiniteScrollViewTests" */ = {
			isa = XCConfigurationList;
			buildConfigurations = (
				C00FCE88195AB04300993CF8 /* Debug */,
				C00FCE89195AB04300993CF8 /* Release */,
			);
			defaultConfigurationIsVisible = 0;
		};
/* End XCConfigurationList section */
	};
	rootObject = C00FCE47195AB04200993CF8 /* Project object */;
}
